
Microsoft Visual Studio Solution File, Format Version 12.00
# Visual Studio Version 17
VisualStudioVersion = 17.7.34024.191
MinimumVisualStudioVersion = 10.0.40219.1
Project("{9A19103F-16F7-4668-BE54-9A1E7A4F7556}") = "UI", "UI\UI.csproj", "{F81CB5DD-B206-4C6E-8CE4-2BE71298B182}"
EndProject
Project("{9A19103F-16F7-4668-BE54-9A1E7A4F7556}") = "Model", "Model\Model.csproj", "{4DD11B42-E2BC-466B-8E83-AAE9379F8910}"
EndProject
Project("{9A19103F-16F7-4668-BE54-9A1E7A4F7556}") = "Service", "Service\Service.csproj", "{7483F268-E238-4078-BD4A-5BE44EE48899}"
EndProject
Project("{9A19103F-16F7-4668-BE54-9A1E7A4F7556}") = "DAL", "DAL\DAL.csproj", "{9FEA0034-4DC4-432F-8847-5EEE3F5D8BC3}"
EndProject
Project("{FAE04EC0-301F-11D3-BF4B-00C04F79EFBC}") = "TestConsole", "TestConsole\TestConsole.csproj", "{1E9BE19C-16D8-46C3-ABE3-64D441B4B5A4}"
EndProject
Global
	GlobalSection(SolutionConfigurationPlatforms) = preSolution
		Debug|Any CPU = Debug|Any CPU
		Release|Any CPU = Release|Any CPU
	EndGlobalSection
	GlobalSection(ProjectConfigurationPlatforms) = postSolution
		{F81CB5DD-B206-4C6E-8CE4-2BE71298B182}.Debug|Any CPU.ActiveCfg = Debug|Any CPU
		{F81CB5DD-B206-4C6E-8CE4-2BE71298B182}.Debug|Any CPU.Build.0 = Debug|Any CPU
		{F81CB5DD-B206-4C6E-8CE4-2BE71298B182}.Release|Any CPU.ActiveCfg = Release|Any CPU
		{F81CB5DD-B206-4C6E-8CE4-2BE71298B182}.Release|Any CPU.Build.0 = Release|Any CPU
		{4DD11B42-E2BC-466B-8E83-AAE9379F8910}.Debug|Any CPU.ActiveCfg = Debug|Any CPU
		{4DD11B42-E2BC-466B-8E83-AAE9379F8910}.Debug|Any CPU.Build.0 = Debug|Any CPU
		{4DD11B42-E2BC-466B-8E83-AAE9379F8910}.Release|Any CPU.ActiveCfg = Release|Any CPU
		{4DD11B42-E2BC-466B-8E83-AAE9379F8910}.Release|Any CPU.Build.0 = Release|Any CPU
		{7483F268-E238-4078-BD4A-5BE44EE48899}.Debug|Any CPU.ActiveCfg = Debug|Any CPU
		{7483F268-E238-4078-BD4A-5BE44EE48899}.Debug|Any CPU.Build.0 = Debug|Any CPU
		{7483F268-E238-4078-BD4A-5BE44EE48899}.Release|Any CPU.ActiveCfg = Release|Any CPU
		{7483F268-E238-4078-BD4A-5BE44EE48899}.Release|Any CPU.Build.0 = Release|Any CPU
		{9FEA0034-4DC4-432F-8847-5EEE3F5D8BC3}.Debug|Any CPU.ActiveCfg = Debug|Any CPU
		{9FEA0034-4DC4-432F-8847-5EEE3F5D8BC3}.Debug|Any CPU.Build.0 = Debug|Any CPU
		{9FEA0034-4DC4-432F-8847-5EEE3F5D8BC3}.Release|Any CPU.ActiveCfg = Release|Any CPU
		{9FEA0034-4DC4-432F-8847-5EEE3F5D8BC3}.Release|Any CPU.Build.0 = Release|Any CPU
		{1E9BE19C-16D8-46C3-ABE3-64D441B4B5A4}.Debug|Any CPU.ActiveCfg = Debug|Any CPU
		{1E9BE19C-16D8-46C3-ABE3-64D441B4B5A4}.Debug|Any CPU.Build.0 = Debug|Any CPU
		{1E9BE19C-16D8-46C3-ABE3-64D441B4B5A4}.Release|Any CPU.ActiveCfg = Release|Any CPU
		{1E9BE19C-16D8-46C3-ABE3-64D441B4B5A4}.Release|Any CPU.Build.0 = Release|Any CPU
	EndGlobalSection
	GlobalSection(SolutionProperties) = preSolution
		HideSolutionNode = FALSE
	EndGlobalSection
	GlobalSection(ExtensibilityGlobals) = postSolution
		SolutionGuid = {CCF7E779-6A8F-490D-9DFB-F9F466BD0650}
	EndGlobalSection
EndGlobal
